
Microsoft Visual Studio Solution File, Format Version 12.00
# Visual Studio 15
VisualStudioVersion = 15.0.28307.168
MinimumVisualStudioVersion = 10.0.40219.1
Project("{9A19103F-16F7-4668-BE54-9A1E7A4F7556}") = "CRM.Data", "CRM.Data\CRM.Data.csproj", "{5B12C737-7993-4502-A7E4-98DB2AAA47D2}"
EndProject
Project("{9A19103F-16F7-4668-BE54-9A1E7A4F7556}") = "RestaurantDashboard", "RestaurantDashboard\RestaurantDashboard.csproj", "{3B2F4CA8-C4EF-4547-A570-68590A7DE1EE}"
EndProject
Project("{9A19103F-16F7-4668-BE54-9A1E7A4F7556}") = "CRM.Services", "CRM.Services\CRM.Services.csproj", "{83576E96-9049-4642-A87E-1D7B549E19D2}"
EndProject
Project("{9A19103F-16F7-4668-BE54-9A1E7A4F7556}") = "CRM.Core", "CRM.Core\CRM.Core.csproj", "{F92ABA39-23C6-4C18-9A8C-F0437A83E8E4}"
EndProject
Project("{FAE04EC0-301F-11D3-BF4B-00C04F79EFBC}") = "ApiForRestaurentDashboard", "ApiForRestaurentDashboard\ApiForRestaurentDashboard.csproj", "{0F1CD436-8A6E-4E6A-BDE4-932A7EFF0CAF}"
EndProject
Global
	GlobalSection(SolutionConfigurationPlatforms) = preSolution
		Debug|Any CPU = Debug|Any CPU
		Release|Any CPU = Release|Any CPU
	EndGlobalSection
	GlobalSection(ProjectConfigurationPlatforms) = postSolution
		{5B12C737-7993-4502-A7E4-98DB2AAA47D2}.Debug|Any CPU.ActiveCfg = Debug|Any CPU
		{5B12C737-7993-4502-A7E4-98DB2AAA47D2}.Debug|Any CPU.Build.0 = Debug|Any CPU
		{5B12C737-7993-4502-A7E4-98DB2AAA47D2}.Release|Any CPU.ActiveCfg = Release|Any CPU
		{5B12C737-7993-4502-A7E4-98DB2AAA47D2}.Release|Any CPU.Build.0 = Release|Any CPU
		{3B2F4CA8-C4EF-4547-A570-68590A7DE1EE}.Debug|Any CPU.ActiveCfg = Debug|Any CPU
		{3B2F4CA8-C4EF-4547-A570-68590A7DE1EE}.Debug|Any CPU.Build.0 = Debug|Any CPU
		{3B2F4CA8-C4EF-4547-A570-68590A7DE1EE}.Release|Any CPU.ActiveCfg = Release|Any CPU
		{3B2F4CA8-C4EF-4547-A570-68590A7DE1EE}.Release|Any CPU.Build.0 = Release|Any CPU
		{83576E96-9049-4642-A87E-1D7B549E19D2}.Debug|Any CPU.ActiveCfg = Debug|Any CPU
		{83576E96-9049-4642-A87E-1D7B549E19D2}.Debug|Any CPU.Build.0 = Debug|Any CPU
		{83576E96-9049-4642-A87E-1D7B549E19D2}.Release|Any CPU.ActiveCfg = Release|Any CPU
		{83576E96-9049-4642-A87E-1D7B549E19D2}.Release|Any CPU.Build.0 = Release|Any CPU
		{F92ABA39-23C6-4C18-9A8C-F0437A83E8E4}.Debug|Any CPU.ActiveCfg = Debug|Any CPU
		{F92ABA39-23C6-4C18-9A8C-F0437A83E8E4}.Debug|Any CPU.Build.0 = Debug|Any CPU
		{F92ABA39-23C6-4C18-9A8C-F0437A83E8E4}.Release|Any CPU.ActiveCfg = Release|Any CPU
		{F92ABA39-23C6-4C18-9A8C-F0437A83E8E4}.Release|Any CPU.Build.0 = Release|Any CPU
		{0F1CD436-8A6E-4E6A-BDE4-932A7EFF0CAF}.Debug|Any CPU.ActiveCfg = Debug|Any CPU
		{0F1CD436-8A6E-4E6A-BDE4-932A7EFF0CAF}.Debug|Any CPU.Build.0 = Debug|Any CPU
		{0F1CD436-8A6E-4E6A-BDE4-932A7EFF0CAF}.Release|Any CPU.ActiveCfg = Release|Any CPU
		{0F1CD436-8A6E-4E6A-BDE4-932A7EFF0CAF}.Release|Any CPU.Build.0 = Release|Any CPU
	EndGlobalSection
	GlobalSection(SolutionProperties) = preSolution
		HideSolutionNode = FALSE
	EndGlobalSection
	GlobalSection(ExtensibilityGlobals) = postSolution
		SolutionGuid = {0BB37040-606D-47F5-A289-4D2BA24F5B7B}
	EndGlobalSection
EndGlobal
